PODS:
  - Kiwi (2.4.0)
  - OSWebViewPreCache (1.0):
    - Reachability
  - Reachability (3.2)

DEPENDENCIES:
  - Kiwi
  - OSWebViewPreCache (from `../`)
  - Reachability (~> 3.2)

EXTERNAL SOURCES:
  OSWebViewPreCache:
    :path: ../

SPEC CHECKSUMS:
  Kiwi: f49c9d54b28917df5928fe44968a39ed198cb8a8
  OSWebViewPreCache: ad3eaf9b1f84953de53ddbd05e6c734f9d4bd08d
  Reachability: 33e18b67625424e47b6cde6d202dce689ad7af96

COCOAPODS: 0.39.0
